{
  "requires": true,
  "lockfileVersion": 1,
  "dependencies": {
    "binaryen": {
      "version": "101.0.0",
      "resolved": "https://registry.npmjs.org/binaryen/-/binaryen-101.0.0.tgz",
      "integrity": "sha512-FRmVxvrR8jtcf0qcukNAPZDM3dZ2sc9GmA/hKxBI7k3fFzREKh1cAs+ruQi+ITTKz7u/AuFMuVnbJwTh0ef/HQ=="
    }
  }
}
